
Microsoft Visual Studio Solution File, Format Version 12.00
# Visual Studio Version 17
VisualStudioVersion = 17.0.32112.339
MinimumVisualStudioVersion = 10.0.40219.1
Project("{9092AA53-FB77-4645-B42D-1CCCA6BD08BD}") = "nftzproxy", "nftzproxy.njsproj", "{7A4FEBB5-5D5E-45A5-856C-FD974890C4B8}"
EndProject
Global
	GlobalSection(SolutionConfigurationPlatforms) = preSolution
		Debug|Any CPU = Debug|Any CPU
		Release|Any CPU = Release|Any CPU
	EndGlobalSection
	GlobalSection(ProjectConfigurationPlatforms) = postSolution
		{7A4FEBB5-5D5E-45A5-856C-FD974890C4B8}.Debug|Any CPU.ActiveCfg = Debug|Any CPU
		{7A4FEBB5-5D5E-45A5-856C-FD974890C4B8}.Debug|Any CPU.Build.0 = Debug|Any CPU
		{7A4FEBB5-5D5E-45A5-856C-FD974890C4B8}.Release|Any CPU.ActiveCfg = Release|Any CPU
		{7A4FEBB5-5D5E-45A5-856C-FD974890C4B8}.Release|Any CPU.Build.0 = Release|Any CPU
	EndGlobalSection
	GlobalSection(SolutionProperties) = preSolution
		HideSolutionNode = FALSE
	EndGlobalSection
	GlobalSection(ExtensibilityGlobals) = postSolution
		SolutionGuid = {BB0FE491-2E34-4E98-921C-7E8C6D5B05C4}
	EndGlobalSection
EndGlobal
